
Microsoft Visual Studio Solution File, Format Version 12.00
# Visual Studio 15
Project("{FAE04EC0-301F-11D3-BF4B-00C04F79EFBC}") = "UnityEngine.TestRunner", "UnityEngine.TestRunner.csproj", "{B92EAB45-4F62-DAB3-3D2F-72AFA91F5CD7}"
EndProject
Project("{FAE04EC0-301F-11D3-BF4B-00C04F79EFBC}") = "Unity.2D.Animation.Triangle.Runtime", "Unity.2D.Animation.Triangle.Runtime.csproj", "{B0718D63-5488-D916-AB60-D21A290EFCE8}"
EndProject
Project("{FAE04EC0-301F-11D3-BF4B-00C04F79EFBC}") = "Unity.InputSystem", "Unity.InputSystem.csproj", "{6FCBB334-7D48-B447-FF7F-73C84C98B7E8}"
EndProject
Project("{FAE04EC0-301F-11D3-BF4B-00C04F79EFBC}") = "Assembly-CSharp", "Assembly-CSharp.csproj", "{1B91EFDE-9B25-2316-2D71-6E972A83EF85}"
EndProject
Project("{FAE04EC0-301F-11D3-BF4B-00C04F79EFBC}") = "UnityEngine.UI", "UnityEngine.UI.csproj", "{2678AE99-3390-B47F-6FB5-1703A5822C15}"
EndProject
Project("{FAE04EC0-301F-11D3-BF4B-00C04F79EFBC}") = "Unity.TextMeshPro", "Unity.TextMeshPro.csproj", "{00220C74-BE37-B025-B66A-44DC5D121428}"
EndProject
Project("{FAE04EC0-301F-11D3-BF4B-00C04F79EFBC}") = "Unity.2D.Animation.Runtime", "Unity.2D.Animation.Runtime.csproj", "{E2C02892-469A-9340-A3E3-9263E29B3B12}"
EndProject
Project("{FAE04EC0-301F-11D3-BF4B-00C04F79EFBC}") = "Unity.Timeline", "Unity.Timeline.csproj", "{E14FC21B-AA80-60B4-2F26-2898E96DA394}"
EndProject
Project("{FAE04EC0-301F-11D3-BF4B-00C04F79EFBC}") = "Unity.Mathematics", "Unity.Mathematics.csproj", "{397D295B-4B5B-6B52-27A8-3BB974E37265}"
EndProject
Project("{FAE04EC0-301F-11D3-BF4B-00C04F79EFBC}") = "Unity.2D.SpriteShape.Runtime", "Unity.2D.SpriteShape.Runtime.csproj", "{6541C332-1143-130B-5E44-747F58E90AB1}"
EndProject
Project("{FAE04EC0-301F-11D3-BF4B-00C04F79EFBC}") = "Unity.2D.Tilemap.Extras", "Unity.2D.Tilemap.Extras.csproj", "{100AA873-B44D-EA8B-C8D0-827FD5A26967}"
EndProject
Project("{FAE04EC0-301F-11D3-BF4B-00C04F79EFBC}") = "Unity.2D.PixelPerfect", "Unity.2D.PixelPerfect.csproj", "{F1A00426-2CEF-9978-422D-D04BE6B43860}"
EndProject
Project("{FAE04EC0-301F-11D3-BF4B-00C04F79EFBC}") = "Unity.InternalAPIEngineBridge.001", "Unity.InternalAPIEngineBridge.001.csproj", "{195E2EB0-9FB8-4AF6-53B3-7A884A9366AF}"
EndProject
Project("{FAE04EC0-301F-11D3-BF4B-00C04F79EFBC}") = "Unity.2D.Common.Runtime", "Unity.2D.Common.Runtime.csproj", "{389D5FB0-05CD-5095-34E5-269DFD5DCCB2}"
EndProject
Project("{FAE04EC0-301F-11D3-BF4B-00C04F79EFBC}") = "UnityEditor.TestRunner", "UnityEditor.TestRunner.csproj", "{E12263FB-AE0E-F4CE-F9FC-E5FD13E9FDAE}"
EndProject
Project("{FAE04EC0-301F-11D3-BF4B-00C04F79EFBC}") = "Unity.TextMeshPro.Editor", "Unity.TextMeshPro.Editor.csproj", "{87E4DA51-9F8C-FABA-7FD0-20716DCB8017}"
EndProject
Project("{FAE04EC0-301F-11D3-BF4B-00C04F79EFBC}") = "Unity.Timeline.Editor", "Unity.Timeline.Editor.csproj", "{90348919-6ED2-0380-412A-60A25187DE55}"
EndProject
Project("{FAE04EC0-301F-11D3-BF4B-00C04F79EFBC}") = "Unity.CollabProxy.Editor", "Unity.CollabProxy.Editor.csproj", "{0F062637-946E-3AF4-0170-5C35C62C74CD}"
EndProject
Project("{FAE04EC0-301F-11D3-BF4B-00C04F79EFBC}") = "Unity.2D.Animation.Editor", "Unity.2D.Animation.Editor.csproj", "{29B83FAA-5150-B83A-D957-873E34F10240}"
EndProject
Project("{FAE04EC0-301F-11D3-BF4B-00C04F79EFBC}") = "Unity.2D.Path.Editor", "Unity.2D.Path.Editor.csproj", "{380D3218-7183-6702-604B-550B2C51789A}"
EndProject
Project("{FAE04EC0-301F-11D3-BF4B-00C04F79EFBC}") = "Unity.2D.Sprite.Editor", "Unity.2D.Sprite.Editor.csproj", "{41E562B1-301E-9501-B2B8-6444C2C423F1}"
EndProject
Project("{FAE04EC0-301F-11D3-BF4B-00C04F79EFBC}") = "UnityEditor.UI", "UnityEditor.UI.csproj", "{0077C231-C179-DAE9-A881-397A1F2B31D1}"
EndProject
Project("{FAE04EC0-301F-11D3-BF4B-00C04F79EFBC}") = "Unity.2D.Tilemap.Extras.Editor", "Unity.2D.Tilemap.Extras.Editor.csproj", "{63DC04F0-651E-4FC2-D76C-33B7C1C6AC5F}"
EndProject
Project("{FAE04EC0-301F-11D3-BF4B-00C04F79EFBC}") = "Unity.Rider.Editor", "Unity.Rider.Editor.csproj", "{717BA5DB-A763-44CE-874E-C2C8EF084365}"
EndProject
Project("{FAE04EC0-301F-11D3-BF4B-00C04F79EFBC}") = "Unity.2D.Tilemap.Editor", "Unity.2D.Tilemap.Editor.csproj", "{BF9D88F4-A735-C550-24BF-912A873C2DEF}"
EndProject
Project("{FAE04EC0-301F-11D3-BF4B-00C04F79EFBC}") = "Unity.VisualStudio.Editor", "Unity.VisualStudio.Editor.csproj", "{7854DCE2-E428-0279-5464-EB35BA070742}"
EndProject
Project("{FAE04EC0-301F-11D3-BF4B-00C04F79EFBC}") = "Unity.2D.SpriteShape.Editor", "Unity.2D.SpriteShape.Editor.csproj", "{35FF372D-6F4D-EFD9-74B8-ED413F0664C2}"
EndProject
Project("{FAE04EC0-301F-11D3-BF4B-00C04F79EFBC}") = "PsdPlugin", "PsdPlugin.csproj", "{315B756E-C095-AF10-E0EE-67F44D1EAC56}"
EndProject
Project("{FAE04EC0-301F-11D3-BF4B-00C04F79EFBC}") = "Unity.2D.Common.Editor", "Unity.2D.Common.Editor.csproj", "{EA17F434-88C2-491B-1E22-09AF484676AB}"
EndProject
Project("{FAE04EC0-301F-11D3-BF4B-00C04F79EFBC}") = "Unity.VSCode.Editor", "Unity.VSCode.Editor.csproj", "{C4738499-5193-A596-BEC8-20ACCC7B0F4F}"
EndProject
Project("{FAE04EC0-301F-11D3-BF4B-00C04F79EFBC}") = "Unity.2D.Psdimporter.Editor", "Unity.2D.Psdimporter.Editor.csproj", "{4CB43F9A-1CD4-B76E-B0E5-CC0D978744AA}"
EndProject
Project("{FAE04EC0-301F-11D3-BF4B-00C04F79EFBC}") = "Unity.2D.PixelPerfect.Editor", "Unity.2D.PixelPerfect.Editor.csproj", "{344D03A8-31AA-9D1A-418F-CC8142614536}"
EndProject
Project("{FAE04EC0-301F-11D3-BF4B-00C04F79EFBC}") = "Unity.Mathematics.Editor", "Unity.Mathematics.Editor.csproj", "{B90415D6-7BF8-E7A5-FEC8-3E1007D355AD}"
EndProject
Project("{FAE04EC0-301F-11D3-BF4B-00C04F79EFBC}") = "Unity.InternalAPIEditorBridge.001", "Unity.InternalAPIEditorBridge.001.csproj", "{A4C506D1-8118-56CF-D35C-0754B842827B}"
EndProject
Project("{FAE04EC0-301F-11D3-BF4B-00C04F79EFBC}") = "UnityEngine.TestRunner", "UnityEngine.TestRunner.Player.csproj", "{1B2FD6AD-845D-D43F-F7DC-A1C95ADBC5BB}"
EndProject
Project("{FAE04EC0-301F-11D3-BF4B-00C04F79EFBC}") = "Unity.2D.Animation.Triangle.Runtime", "Unity.2D.Animation.Triangle.Runtime.Player.csproj", "{EF4FFA7B-2D26-F933-8EEE-3D6FB836E08A}"
EndProject
Project("{FAE04EC0-301F-11D3-BF4B-00C04F79EFBC}") = "Unity.InputSystem", "Unity.InputSystem.Player.csproj", "{C8D2B19E-6B9A-706A-6700-A593DC38A8D2}"
EndProject
Project("{FAE04EC0-301F-11D3-BF4B-00C04F79EFBC}") = "Assembly-CSharp", "Assembly-CSharp.Player.csproj", "{5C1A7575-F09D-F1BB-69F8-57B739D04308}"
EndProject
Project("{FAE04EC0-301F-11D3-BF4B-00C04F79EFBC}") = "UnityEngine.UI", "UnityEngine.UI.Player.csproj", "{5AAAEA27-B985-AE7B-B82B-4F0AE70C3E94}"
EndProject
Project("{FAE04EC0-301F-11D3-BF4B-00C04F79EFBC}") = "Unity.TextMeshPro", "Unity.TextMeshPro.Player.csproj", "{A007F901-4155-B789-31DD-ADA48BCC6F48}"
EndProject
Project("{FAE04EC0-301F-11D3-BF4B-00C04F79EFBC}") = "Unity.2D.Animation.Runtime", "Unity.2D.Animation.Runtime.Player.csproj", "{FF250CFB-2F08-E65E-CDBB-8DDEBAFAA240}"
EndProject
Project("{FAE04EC0-301F-11D3-BF4B-00C04F79EFBC}") = "Unity.Timeline", "Unity.Timeline.Player.csproj", "{4986CDAB-847B-C0DA-AEE8-A6B4EB28BF18}"
EndProject
Project("{FAE04EC0-301F-11D3-BF4B-00C04F79EFBC}") = "Unity.Mathematics", "Unity.Mathematics.Player.csproj", "{A952D685-7568-DEB2-71B8-4FD6B23CDD3F}"
EndProject
Project("{FAE04EC0-301F-11D3-BF4B-00C04F79EFBC}") = "Unity.2D.SpriteShape.Runtime", "Unity.2D.SpriteShape.Runtime.Player.csproj", "{204126FB-477C-0AFE-D0E7-873CEC3401B5}"
EndProject
Project("{FAE04EC0-301F-11D3-BF4B-00C04F79EFBC}") = "Unity.2D.Tilemap.Extras", "Unity.2D.Tilemap.Extras.Player.csproj", "{D22C017D-871D-74F8-5057-7B3724B14B77}"
EndProject
Project("{FAE04EC0-301F-11D3-BF4B-00C04F79EFBC}") = "Unity.2D.PixelPerfect", "Unity.2D.PixelPerfect.Player.csproj", "{C8951F48-4A22-C32C-016A-D7721A035A41}"
EndProject
Project("{FAE04EC0-301F-11D3-BF4B-00C04F79EFBC}") = "Unity.InternalAPIEngineBridge.001", "Unity.InternalAPIEngineBridge.001.Player.csproj", "{4D22B05B-0AD1-4ACA-5126-66D0087D35C9}"
EndProject
Project("{FAE04EC0-301F-11D3-BF4B-00C04F79EFBC}") = "Unity.2D.Common.Runtime", "Unity.2D.Common.Runtime.Player.csproj", "{34B0F880-6E70-FFB6-615A-87264B2B7454}"
EndProject
Global
	GlobalSection(SolutionConfigurationPlatforms) = preSolution
		Debug|Any CPU = Debug|Any CPU
		Release|Any CPU = Release|Any CPU
	EndGlobalSection
	GlobalSection(ProjectConfigurationPlatforms) = postSolution
		{B92EAB45-4F62-DAB3-3D2F-72AFA91F5CD7}.Debug|Any CPU.ActiveCfg = Debug|Any CPU
		{B92EAB45-4F62-DAB3-3D2F-72AFA91F5CD7}.Debug|Any CPU.Build.0 = Debug|Any CPU
		{B92EAB45-4F62-DAB3-3D2F-72AFA91F5CD7}.Release|Any CPU.ActiveCfg = Release|Any CPU
		{B92EAB45-4F62-DAB3-3D2F-72AFA91F5CD7}.Release|Any CPU.Build.0 = Release|Any CPU
		{B0718D63-5488-D916-AB60-D21A290EFCE8}.Debug|Any CPU.ActiveCfg = Debug|Any CPU
		{B0718D63-5488-D916-AB60-D21A290EFCE8}.Debug|Any CPU.Build.0 = Debug|Any CPU
		{B0718D63-5488-D916-AB60-D21A290EFCE8}.Release|Any CPU.ActiveCfg = Release|Any CPU
		{B0718D63-5488-D916-AB60-D21A290EFCE8}.Release|Any CPU.Build.0 = Release|Any CPU
		{6FCBB334-7D48-B447-FF7F-73C84C98B7E8}.Debug|Any CPU.ActiveCfg = Debug|Any CPU
		{6FCBB334-7D48-B447-FF7F-73C84C98B7E8}.Debug|Any CPU.Build.0 = Debug|Any CPU
		{6FCBB334-7D48-B447-FF7F-73C84C98B7E8}.Release|Any CPU.ActiveCfg = Release|Any CPU
		{6FCBB334-7D48-B447-FF7F-73C84C98B7E8}.Release|Any CPU.Build.0 = Release|Any CPU
		{1B91EFDE-9B25-2316-2D71-6E972A83EF85}.Debug|Any CPU.ActiveCfg = Debug|Any CPU
		{1B91EFDE-9B25-2316-2D71-6E972A83EF85}.Debug|Any CPU.Build.0 = Debug|Any CPU
		{1B91EFDE-9B25-2316-2D71-6E972A83EF85}.Release|Any CPU.ActiveCfg = Release|Any CPU
		{1B91EFDE-9B25-2316-2D71-6E972A83EF85}.Release|Any CPU.Build.0 = Release|Any CPU
		{2678AE99-3390-B47F-6FB5-1703A5822C15}.Debug|Any CPU.ActiveCfg = Debug|Any CPU
		{2678AE99-3390-B47F-6FB5-1703A5822C15}.Debug|Any CPU.Build.0 = Debug|Any CPU
		{2678AE99-3390-B47F-6FB5-1703A5822C15}.Release|Any CPU.ActiveCfg = Release|Any CPU
		{2678AE99-3390-B47F-6FB5-1703A5822C15}.Release|Any CPU.Build.0 = Release|Any CPU
		{00220C74-BE37-B025-B66A-44DC5D121428}.Debug|Any CPU.ActiveCfg = Debug|Any CPU
		{00220C74-BE37-B025-B66A-44DC5D121428}.Debug|Any CPU.Build.0 = Debug|Any CPU
		{00220C74-BE37-B025-B66A-44DC5D121428}.Release|Any CPU.ActiveCfg = Release|Any CPU
		{00220C74-BE37-B025-B66A-44DC5D121428}.Release|Any CPU.Build.0 = Release|Any CPU
		{E2C02892-469A-9340-A3E3-9263E29B3B12}.Debug|Any CPU.ActiveCfg = Debug|Any CPU
		{E2C02892-469A-9340-A3E3-9263E29B3B12}.Debug|Any CPU.Build.0 = Debug|Any CPU
		{E2C02892-469A-9340-A3E3-9263E29B3B12}.Release|Any CPU.ActiveCfg = Release|Any CPU
		{E2C02892-469A-9340-A3E3-9263E29B3B12}.Release|Any CPU.Build.0 = Release|Any CPU
		{E14FC21B-AA80-60B4-2F26-2898E96DA394}.Debug|Any CPU.ActiveCfg = Debug|Any CPU
		{E14FC21B-AA80-60B4-2F26-2898E96DA394}.Debug|Any CPU.Build.0 = Debug|Any CPU
		{E14FC21B-AA80-60B4-2F26-2898E96DA394}.Release|Any CPU.ActiveCfg = Release|Any CPU
		{E14FC21B-AA80-60B4-2F26-2898E96DA394}.Release|Any CPU.Build.0 = Release|Any CPU
		{397D295B-4B5B-6B52-27A8-3BB974E37265}.Debug|Any CPU.ActiveCfg = Debug|Any CPU
		{397D295B-4B5B-6B52-27A8-3BB974E37265}.Debug|Any CPU.Build.0 = Debug|Any CPU
		{397D295B-4B5B-6B52-27A8-3BB974E37265}.Release|Any CPU.ActiveCfg = Release|Any CPU
		{397D295B-4B5B-6B52-27A8-3BB974E37265}.Release|Any CPU.Build.0 = Release|Any CPU
		{6541C332-1143-130B-5E44-747F58E90AB1}.Debug|Any CPU.ActiveCfg = Debug|Any CPU
		{6541C332-1143-130B-5E44-747F58E90AB1}.Debug|Any CPU.Build.0 = Debug|Any CPU
		{6541C332-1143-130B-5E44-747F58E90AB1}.Release|Any CPU.ActiveCfg = Release|Any CPU
		{6541C332-1143-130B-5E44-747F58E90AB1}.Release|Any CPU.Build.0 = Release|Any CPU
		{100AA873-B44D-EA8B-C8D0-827FD5A26967}.Debug|Any CPU.ActiveCfg = Debug|Any CPU
		{100AA873-B44D-EA8B-C8D0-827FD5A26967}.Debug|Any CPU.Build.0 = Debug|Any CPU
		{100AA873-B44D-EA8B-C8D0-827FD5A26967}.Release|Any CPU.ActiveCfg = Release|Any CPU
		{100AA873-B44D-EA8B-C8D0-827FD5A26967}.Release|Any CPU.Build.0 = Release|Any CPU
		{F1A00426-2CEF-9978-422D-D04BE6B43860}.Debug|Any CPU.ActiveCfg = Debug|Any CPU
		{F1A00426-2CEF-9978-422D-D04BE6B43860}.Debug|Any CPU.Build.0 = Debug|Any CPU
		{F1A00426-2CEF-9978-422D-D04BE6B43860}.Release|Any CPU.ActiveCfg = Release|Any CPU
		{F1A00426-2CEF-9978-422D-D04BE6B43860}.Release|Any CPU.Build.0 = Release|Any CPU
		{195E2EB0-9FB8-4AF6-53B3-7A884A9366AF}.Debug|Any CPU.ActiveCfg = Debug|Any CPU
		{195E2EB0-9FB8-4AF6-53B3-7A884A9366AF}.Debug|Any CPU.Build.0 = Debug|Any CPU
		{195E2EB0-9FB8-4AF6-53B3-7A884A9366AF}.Release|Any CPU.ActiveCfg = Release|Any CPU
		{195E2EB0-9FB8-4AF6-53B3-7A884A9366AF}.Release|Any CPU.Build.0 = Release|Any CPU
		{389D5FB0-05CD-5095-34E5-269DFD5DCCB2}.Debug|Any CPU.ActiveCfg = Debug|Any CPU
		{389D5FB0-05CD-5095-34E5-269DFD5DCCB2}.Debug|Any CPU.Build.0 = Debug|Any CPU
		{389D5FB0-05CD-5095-34E5-269DFD5DCCB2}.Release|Any CPU.ActiveCfg = Release|Any CPU
		{389D5FB0-05CD-5095-34E5-269DFD5DCCB2}.Release|Any CPU.Build.0 = Release|Any CPU
		{E12263FB-AE0E-F4CE-F9FC-E5FD13E9FDAE}.Debug|Any CPU.ActiveCfg = Debug|Any CPU
		{E12263FB-AE0E-F4CE-F9FC-E5FD13E9FDAE}.Debug|Any CPU.Build.0 = Debug|Any CPU
		{E12263FB-AE0E-F4CE-F9FC-E5FD13E9FDAE}.Release|Any CPU.ActiveCfg = Release|Any CPU
		{E12263FB-AE0E-F4CE-F9FC-E5FD13E9FDAE}.Release|Any CPU.Build.0 = Release|Any CPU
		{87E4DA51-9F8C-FABA-7FD0-20716DCB8017}.Debug|Any CPU.ActiveCfg = Debug|Any CPU
		{87E4DA51-9F8C-FABA-7FD0-20716DCB8017}.Debug|Any CPU.Build.0 = Debug|Any CPU
		{87E4DA51-9F8C-FABA-7FD0-20716DCB8017}.Release|Any CPU.ActiveCfg = Release|Any CPU
		{87E4DA51-9F8C-FABA-7FD0-20716DCB8017}.Release|Any CPU.Build.0 = Release|Any CPU
		{90348919-6ED2-0380-412A-60A25187DE55}.Debug|Any CPU.ActiveCfg = Debug|Any CPU
		{90348919-6ED2-0380-412A-60A25187DE55}.Debug|Any CPU.Build.0 = Debug|Any CPU
		{90348919-6ED2-0380-412A-60A25187DE55}.Release|Any CPU.ActiveCfg = Release|Any CPU
		{90348919-6ED2-0380-412A-60A25187DE55}.Release|Any CPU.Build.0 = Release|Any CPU
		{0F062637-946E-3AF4-0170-5C35C62C74CD}.Debug|Any CPU.ActiveCfg = Debug|Any CPU
		{0F062637-946E-3AF4-0170-5C35C62C74CD}.Debug|Any CPU.Build.0 = Debug|Any CPU
		{0F062637-946E-3AF4-0170-5C35C62C74CD}.Release|Any CPU.ActiveCfg = Release|Any CPU
		{0F062637-946E-3AF4-0170-5C35C62C74CD}.Release|Any CPU.Build.0 = Release|Any CPU
		{29B83FAA-5150-B83A-D957-873E34F10240}.Debug|Any CPU.ActiveCfg = Debug|Any CPU
		{29B83FAA-5150-B83A-D957-873E34F10240}.Debug|Any CPU.Build.0 = Debug|Any CPU
		{29B83FAA-5150-B83A-D957-873E34F10240}.Release|Any CPU.ActiveCfg = Release|Any CPU
		{29B83FAA-5150-B83A-D957-873E34F10240}.Release|Any CPU.Build.0 = Release|Any CPU
		{380D3218-7183-6702-604B-550B2C51789A}.Debug|Any CPU.ActiveCfg = Debug|Any CPU
		{380D3218-7183-6702-604B-550B2C51789A}.Debug|Any CPU.Build.0 = Debug|Any CPU
		{380D3218-7183-6702-604B-550B2C51789A}.Release|Any CPU.ActiveCfg = Release|Any CPU
		{380D3218-7183-6702-604B-550B2C51789A}.Release|Any CPU.Build.0 = Release|Any CPU
		{41E562B1-301E-9501-B2B8-6444C2C423F1}.Debug|Any CPU.ActiveCfg = Debug|Any CPU
		{41E562B1-301E-9501-B2B8-6444C2C423F1}.Debug|Any CPU.Build.0 = Debug|Any CPU
		{41E562B1-301E-9501-B2B8-6444C2C423F1}.Release|Any CPU.ActiveCfg = Release|Any CPU
		{41E562B1-301E-9501-B2B8-6444C2C423F1}.Release|Any CPU.Build.0 = Release|Any CPU
		{0077C231-C179-DAE9-A881-397A1F2B31D1}.Debug|Any CPU.ActiveCfg = Debug|Any CPU
		{0077C231-C179-DAE9-A881-397A1F2B31D1}.Debug|Any CPU.Build.0 = Debug|Any CPU
		{0077C231-C179-DAE9-A881-397A1F2B31D1}.Release|Any CPU.ActiveCfg = Release|Any CPU
		{0077C231-C179-DAE9-A881-397A1F2B31D1}.Release|Any CPU.Build.0 = Release|Any CPU
		{63DC04F0-651E-4FC2-D76C-33B7C1C6AC5F}.Debug|Any CPU.ActiveCfg = Debug|Any CPU
		{63DC04F0-651E-4FC2-D76C-33B7C1C6AC5F}.Debug|Any CPU.Build.0 = Debug|Any CPU
		{63DC04F0-651E-4FC2-D76C-33B7C1C6AC5F}.Release|Any CPU.ActiveCfg = Release|Any CPU
		{63DC04F0-651E-4FC2-D76C-33B7C1C6AC5F}.Release|Any CPU.Build.0 = Release|Any CPU
		{717BA5DB-A763-44CE-874E-C2C8EF084365}.Debug|Any CPU.ActiveCfg = Debug|Any CPU
		{717BA5DB-A763-44CE-874E-C2C8EF084365}.Debug|Any CPU.Build.0 = Debug|Any CPU
		{717BA5DB-A763-44CE-874E-C2C8EF084365}.Release|Any CPU.ActiveCfg = Release|Any CPU
		{717BA5DB-A763-44CE-874E-C2C8EF084365}.Release|Any CPU.Build.0 = Release|Any CPU
		{BF9D88F4-A735-C550-24BF-912A873C2DEF}.Debug|Any CPU.ActiveCfg = Debug|Any CPU
		{BF9D88F4-A735-C550-24BF-912A873C2DEF}.Debug|Any CPU.Build.0 = Debug|Any CPU
		{BF9D88F4-A735-C550-24BF-912A873C2DEF}.Release|Any CPU.ActiveCfg = Release|Any CPU
		{BF9D88F4-A735-C550-24BF-912A873C2DEF}.Release|Any CPU.Build.0 = Release|Any CPU
		{7854DCE2-E428-0279-5464-EB35BA070742}.Debug|Any CPU.ActiveCfg = Debug|Any CPU
		{7854DCE2-E428-0279-5464-EB35BA070742}.Debug|Any CPU.Build.0 = Debug|Any CPU
		{7854DCE2-E428-0279-5464-EB35BA070742}.Release|Any CPU.ActiveCfg = Release|Any CPU
		{7854DCE2-E428-0279-5464-EB35BA070742}.Release|Any CPU.Build.0 = Release|Any CPU
		{35FF372D-6F4D-EFD9-74B8-ED413F0664C2}.Debug|Any CPU.ActiveCfg = Debug|Any CPU
		{35FF372D-6F4D-EFD9-74B8-ED413F0664C2}.Debug|Any CPU.Build.0 = Debug|Any CPU
		{35FF372D-6F4D-EFD9-74B8-ED413F0664C2}.Release|Any CPU.ActiveCfg = Release|Any CPU
		{35FF372D-6F4D-EFD9-74B8-ED413F0664C2}.Release|Any CPU.Build.0 = Release|Any CPU
		{315B756E-C095-AF10-E0EE-67F44D1EAC56}.Debug|Any CPU.ActiveCfg = Debug|Any CPU
		{315B756E-C095-AF10-E0EE-67F44D1EAC56}.Debug|Any CPU.Build.0 = Debug|Any CPU
		{315B756E-C095-AF10-E0EE-67F44D1EAC56}.Release|Any CPU.ActiveCfg = Release|Any CPU
		{315B756E-C095-AF10-E0EE-67F44D1EAC56}.Release|Any CPU.Build.0 = Release|Any CPU
		{EA17F434-88C2-491B-1E22-09AF484676AB}.Debug|Any CPU.ActiveCfg = Debug|Any CPU
		{EA17F434-88C2-491B-1E22-09AF484676AB}.Debug|Any CPU.Build.0 = Debug|Any CPU
		{EA17F434-88C2-491B-1E22-09AF484676AB}.Release|Any CPU.ActiveCfg = Release|Any CPU
		{EA17F434-88C2-491B-1E22-09AF484676AB}.Release|Any CPU.Build.0 = Release|Any CPU
		{C4738499-5193-A596-BEC8-20ACCC7B0F4F}.Debug|Any CPU.ActiveCfg = Debug|Any CPU
		{C4738499-5193-A596-BEC8-20ACCC7B0F4F}.Debug|Any CPU.Build.0 = Debug|Any CPU
		{C4738499-5193-A596-BEC8-20ACCC7B0F4F}.Release|Any CPU.ActiveCfg = Release|Any CPU
		{C4738499-5193-A596-BEC8-20ACCC7B0F4F}.Release|Any CPU.Build.0 = Release|Any CPU
		{4CB43F9A-1CD4-B76E-B0E5-CC0D978744AA}.Debug|Any CPU.ActiveCfg = Debug|Any CPU
		{4CB43F9A-1CD4-B76E-B0E5-CC0D978744AA}.Debug|Any CPU.Build.0 = Debug|Any CPU
		{4CB43F9A-1CD4-B76E-B0E5-CC0D978744AA}.Release|Any CPU.ActiveCfg = Release|Any CPU
		{4CB43F9A-1CD4-B76E-B0E5-CC0D978744AA}.Release|Any CPU.Build.0 = Release|Any CPU
		{344D03A8-31AA-9D1A-418F-CC8142614536}.Debug|Any CPU.ActiveCfg = Debug|Any CPU
		{344D03A8-31AA-9D1A-418F-CC8142614536}.Debug|Any CPU.Build.0 = Debug|Any CPU
		{344D03A8-31AA-9D1A-418F-CC8142614536}.Release|Any CPU.ActiveCfg = Release|Any CPU
		{344D03A8-31AA-9D1A-418F-CC8142614536}.Release|Any CPU.Build.0 = Release|Any CPU
		{B90415D6-7BF8-E7A5-FEC8-3E1007D355AD}.Debug|Any CPU.ActiveCfg = Debug|Any CPU
		{B90415D6-7BF8-E7A5-FEC8-3E1007D355AD}.Debug|Any CPU.Build.0 = Debug|Any CPU
		{B90415D6-7BF8-E7A5-FEC8-3E1007D355AD}.Release|Any CPU.ActiveCfg = Release|Any CPU
		{B90415D6-7BF8-E7A5-FEC8-3E1007D355AD}.Release|Any CPU.Build.0 = Release|Any CPU
		{A4C506D1-8118-56CF-D35C-0754B842827B}.Debug|Any CPU.ActiveCfg = Debug|Any CPU
		{A4C506D1-8118-56CF-D35C-0754B842827B}.Debug|Any CPU.Build.0 = Debug|Any CPU
		{A4C506D1-8118-56CF-D35C-0754B842827B}.Release|Any CPU.ActiveCfg = Release|Any CPU
		{A4C506D1-8118-56CF-D35C-0754B842827B}.Release|Any CPU.Build.0 = Release|Any CPU
		{1B2FD6AD-845D-D43F-F7DC-A1C95ADBC5BB}.Debug|Any CPU.ActiveCfg = Debug|Any CPU
		{1B2FD6AD-845D-D43F-F7DC-A1C95ADBC5BB}.Debug|Any CPU.Build.0 = Debug|Any CPU
		{1B2FD6AD-845D-D43F-F7DC-A1C95ADBC5BB}.Release|Any CPU.ActiveCfg = Release|Any CPU
		{1B2FD6AD-845D-D43F-F7DC-A1C95ADBC5BB}.Release|Any CPU.Build.0 = Release|Any CPU
		{EF4FFA7B-2D26-F933-8EEE-3D6FB836E08A}.Debug|Any CPU.ActiveCfg = Debug|Any CPU
		{EF4FFA7B-2D26-F933-8EEE-3D6FB836E08A}.Debug|Any CPU.Build.0 = Debug|Any CPU
		{EF4FFA7B-2D26-F933-8EEE-3D6FB836E08A}.Release|Any CPU.ActiveCfg = Release|Any CPU
		{EF4FFA7B-2D26-F933-8EEE-3D6FB836E08A}.Release|Any CPU.Build.0 = Release|Any CPU
		{C8D2B19E-6B9A-706A-6700-A593DC38A8D2}.Debug|Any CPU.ActiveCfg = Debug|Any CPU
		{C8D2B19E-6B9A-706A-6700-A593DC38A8D2}.Debug|Any CPU.Build.0 = Debug|Any CPU
		{C8D2B19E-6B9A-706A-6700-A593DC38A8D2}.Release|Any CPU.ActiveCfg = Release|Any CPU
		{C8D2B19E-6B9A-706A-6700-A593DC38A8D2}.Release|Any CPU.Build.0 = Release|Any CPU
		{5C1A7575-F09D-F1BB-69F8-57B739D04308}.Debug|Any CPU.ActiveCfg = Debug|Any CPU
		{5C1A7575-F09D-F1BB-69F8-57B739D04308}.Debug|Any CPU.Build.0 = Debug|Any CPU
		{5C1A7575-F09D-F1BB-69F8-57B739D04308}.Release|Any CPU.ActiveCfg = Release|Any CPU
		{5C1A7575-F09D-F1BB-69F8-57B739D04308}.Release|Any CPU.Build.0 = Release|Any CPU
		{5AAAEA27-B985-AE7B-B82B-4F0AE70C3E94}.Debug|Any CPU.ActiveCfg = Debug|Any CPU
		{5AAAEA27-B985-AE7B-B82B-4F0AE70C3E94}.Debug|Any CPU.Build.0 = Debug|Any CPU
		{5AAAEA27-B985-AE7B-B82B-4F0AE70C3E94}.Release|Any CPU.ActiveCfg = Release|Any CPU
		{5AAAEA27-B985-AE7B-B82B-4F0AE70C3E94}.Release|Any CPU.Build.0 = Release|Any CPU
		{A007F901-4155-B789-31DD-ADA48BCC6F48}.Debug|Any CPU.ActiveCfg = Debug|Any CPU
		{A007F901-4155-B789-31DD-ADA48BCC6F48}.Debug|Any CPU.Build.0 = Debug|Any CPU
		{A007F901-4155-B789-31DD-ADA48BCC6F48}.Release|Any CPU.ActiveCfg = Release|Any CPU
		{A007F901-4155-B789-31DD-ADA48BCC6F48}.Release|Any CPU.Build.0 = Release|Any CPU
		{FF250CFB-2F08-E65E-CDBB-8DDEBAFAA240}.Debug|Any CPU.ActiveCfg = Debug|Any CPU
		{FF250CFB-2F08-E65E-CDBB-8DDEBAFAA240}.Debug|Any CPU.Build.0 = Debug|Any CPU
		{FF250CFB-2F08-E65E-CDBB-8DDEBAFAA240}.Release|Any CPU.ActiveCfg = Release|Any CPU
		{FF250CFB-2F08-E65E-CDBB-8DDEBAFAA240}.Release|Any CPU.Build.0 = Release|Any CPU
		{4986CDAB-847B-C0DA-AEE8-A6B4EB28BF18}.Debug|Any CPU.ActiveCfg = Debug|Any CPU
		{4986CDAB-847B-C0DA-AEE8-A6B4EB28BF18}.Debug|Any CPU.Build.0 = Debug|Any CPU
		{4986CDAB-847B-C0DA-AEE8-A6B4EB28BF18}.Release|Any CPU.ActiveCfg = Release|Any CPU
		{4986CDAB-847B-C0DA-AEE8-A6B4EB28BF18}.Release|Any CPU.Build.0 = Release|Any CPU
		{A952D685-7568-DEB2-71B8-4FD6B23CDD3F}.Debug|Any CPU.ActiveCfg = Debug|Any CPU
		{A952D685-7568-DEB2-71B8-4FD6B23CDD3F}.Debug|Any CPU.Build.0 = Debug|Any CPU
		{A952D685-7568-DEB2-71B8-4FD6B23CDD3F}.Release|Any CPU.ActiveCfg = Release|Any CPU
		{A952D685-7568-DEB2-71B8-4FD6B23CDD3F}.Release|Any CPU.Build.0 = Release|Any CPU
		{204126FB-477C-0AFE-D0E7-873CEC3401B5}.Debug|Any CPU.ActiveCfg = Debug|Any CPU
		{204126FB-477C-0AFE-D0E7-873CEC3401B5}.Debug|Any CPU.Build.0 = Debug|Any CPU
		{204126FB-477C-0AFE-D0E7-873CEC3401B5}.Release|Any CPU.ActiveCfg = Release|Any CPU
		{204126FB-477C-0AFE-D0E7-873CEC3401B5}.Release|Any CPU.Build.0 = Release|Any CPU
		{D22C017D-871D-74F8-5057-7B3724B14B77}.Debug|Any CPU.ActiveCfg = Debug|Any CPU
		{D22C017D-871D-74F8-5057-7B3724B14B77}.Debug|Any CPU.Build.0 = Debug|Any CPU
		{D22C017D-871D-74F8-5057-7B3724B14B77}.Release|Any CPU.ActiveCfg = Release|Any CPU
		{D22C017D-871D-74F8-5057-7B3724B14B77}.Release|Any CPU.Build.0 = Release|Any CPU
		{C8951F48-4A22-C32C-016A-D7721A035A41}.Debug|Any CPU.ActiveCfg = Debug|Any CPU
		{C8951F48-4A22-C32C-016A-D7721A035A41}.Debug|Any CPU.Build.0 = Debug|Any CPU
		{C8951F48-4A22-C32C-016A-D7721A035A41}.Release|Any CPU.ActiveCfg = Release|Any CPU
		{C8951F48-4A22-C32C-016A-D7721A035A41}.Release|Any CPU.Build.0 = Release|Any CPU
		{4D22B05B-0AD1-4ACA-5126-66D0087D35C9}.Debug|Any CPU.ActiveCfg = Debug|Any CPU
		{4D22B05B-0AD1-4ACA-5126-66D0087D35C9}.Debug|Any CPU.Build.0 = Debug|Any CPU
		{4D22B05B-0AD1-4ACA-5126-66D0087D35C9}.Release|Any CPU.ActiveCfg = Release|Any CPU
		{4D22B05B-0AD1-4ACA-5126-66D0087D35C9}.Release|Any CPU.Build.0 = Release|Any CPU
		{34B0F880-6E70-FFB6-615A-87264B2B7454}.Debug|Any CPU.ActiveCfg = Debug|Any CPU
		{34B0F880-6E70-FFB6-615A-87264B2B7454}.Debug|Any CPU.Build.0 = Debug|Any CPU
		{34B0F880-6E70-FFB6-615A-87264B2B7454}.Release|Any CPU.ActiveCfg = Release|Any CPU
		{34B0F880-6E70-FFB6-615A-87264B2B7454}.Release|Any CPU.Build.0 = Release|Any CPU
	EndGlobalSection
	GlobalSection(SolutionProperties) = preSolution
		HideSolutionNode = FALSE
	EndGlobalSection
EndGlobal
